
Microsoft Visual Studio Solution File, Format Version 12.00
# Visual Studio Version 17
VisualStudioVersion = 17.1.32210.238
MinimumVisualStudioVersion = 10.0.40219.1
Project("{FAE04EC0-301F-11D3-BF4B-00C04F79EFBC}") = "WhereTheCarAt", "WhereTheCarAt.csproj", "{8EECB28F-8971-4B16-A7FD-28C5159D6154}"
EndProject
Global
	GlobalSection(SolutionConfigurationPlatforms) = preSolution
		Debug|Any CPU = Debug|Any CPU
		Release|Any CPU = Release|Any CPU
	EndGlobalSection
	GlobalSection(ProjectConfigurationPlatforms) = postSolution
		{8EECB28F-8971-4B16-A7FD-28C5159D6154}.Debug|Any CPU.ActiveCfg = Debug|Any CPU
		{8EECB28F-8971-4B16-A7FD-28C5159D6154}.Debug|Any CPU.Build.0 = Debug|Any CPU
		{8EECB28F-8971-4B16-A7FD-28C5159D6154}.Debug|Any CPU.Deploy.0 = Debug|Any CPU
		{8EECB28F-8971-4B16-A7FD-28C5159D6154}.Release|Any CPU.ActiveCfg = Release|Any CPU
		{8EECB28F-8971-4B16-A7FD-28C5159D6154}.Release|Any CPU.Build.0 = Release|Any CPU
		{8EECB28F-8971-4B16-A7FD-28C5159D6154}.Release|Any CPU.Deploy.0 = Release|Any CPU
	EndGlobalSection
	GlobalSection(SolutionProperties) = preSolution
		HideSolutionNode = FALSE
	EndGlobalSection
	GlobalSection(ExtensibilityGlobals) = postSolution
		SolutionGuid = {AB5981FB-A830-4B59-AAA4-35A80C3688CD}
	EndGlobalSection
EndGlobal
